
Microsoft Visual Studio Solution File, Format Version 12.00
# Visual Studio Version 17
VisualStudioVersion = 17.5.33516.290
MinimumVisualStudioVersion = 10.0.40219.1
Project("{9A19103F-16F7-4668-BE54-9A1E7A4F7556}") = "BrazilianRestaurant", "Playground.ControllerApi\BrazilianRestaurant.csproj", "{C1312167-6AFC-4CDE-8236-49933E9DE4B7}"
EndProject
Project("{9A19103F-16F7-4668-BE54-9A1E7A4F7556}") = "BrazilianRestaurant.Application", "Playground.Application\BrazilianRestaurant.Application.csproj", "{5C19CC5B-CDD7-4D17-BFC5-508F7E719B34}"
EndProject
Project("{2150E333-8FDC-42A3-9474-1A3956D46DE8}") = "Infra", "Infra", "{4C54CBC6-0DB1-432E-B140-CDF0CA38BE7D}"
	ProjectSection(SolutionItems) = preProject
		..\.gitignore = ..\.gitignore
		..\README.md = ..\README.md
	EndProjectSection
EndProject
Global
	GlobalSection(SolutionConfigurationPlatforms) = preSolution
		Debug|Any CPU = Debug|Any CPU
		Release|Any CPU = Release|Any CPU
	EndGlobalSection
	GlobalSection(ProjectConfigurationPlatforms) = postSolution
		{C1312167-6AFC-4CDE-8236-49933E9DE4B7}.Debug|Any CPU.ActiveCfg = Debug|Any CPU
		{C1312167-6AFC-4CDE-8236-49933E9DE4B7}.Debug|Any CPU.Build.0 = Debug|Any CPU
		{C1312167-6AFC-4CDE-8236-49933E9DE4B7}.Release|Any CPU.ActiveCfg = Release|Any CPU
		{C1312167-6AFC-4CDE-8236-49933E9DE4B7}.Release|Any CPU.Build.0 = Release|Any CPU
		{5C19CC5B-CDD7-4D17-BFC5-508F7E719B34}.Debug|Any CPU.ActiveCfg = Debug|Any CPU
		{5C19CC5B-CDD7-4D17-BFC5-508F7E719B34}.Debug|Any CPU.Build.0 = Debug|Any CPU
		{5C19CC5B-CDD7-4D17-BFC5-508F7E719B34}.Release|Any CPU.ActiveCfg = Release|Any CPU
		{5C19CC5B-CDD7-4D17-BFC5-508F7E719B34}.Release|Any CPU.Build.0 = Release|Any CPU
	EndGlobalSection
	GlobalSection(SolutionProperties) = preSolution
		HideSolutionNode = FALSE
	EndGlobalSection
	GlobalSection(ExtensibilityGlobals) = postSolution
		SolutionGuid = {3AD220ED-6997-413A-B59B-81CFCB6B8DE8}
	EndGlobalSection
EndGlobal
